{
  "name": "@damienmortini/element-animation-ticker",
  "version": "0.0.11",
  "lockfileVersion": 1,
  "requires": true,
  "dependencies": {
    "@damienmortini/lib": {
      "version": "0.2.17",
      "resolved": "https://npm.pkg.github.com/download/@damienmortini/lib/0.2.17/e6892ebb56486e9d2a8c095f3c5bb026133316a6315e29360c19650c9e4cd8b7",
      "integrity": "sha512-vX48HR9TyvEY2ZwHwGwexM0LuKaT//bgSeJfKy7+BevNFT5rmgV4Bc/Lg7Jr1FtT3Hr1q9K5AMZarsAdiMtxSA==",
      "requires": {
        "gl-matrix": "^3.1.0",
        "mobile-detect": "^1.4.4"
      }
    },
    "gl-matrix": {
      "version": "3.3.0",
      "resolved": "https://registry.npmjs.org/gl-matrix/-/gl-matrix-3.3.0.tgz",
      "integrity": "sha512-COb7LDz+SXaHtl/h4LeaFcNdJdAQSDeVqjiIihSXNrkWObZLhDI4hIkZC11Aeqp7bcE72clzB0BnDXr2SmslRA=="
    },
    "mobile-detect": {
      "version": "1.4.4",
      "resolved": "https://registry.npmjs.org/mobile-detect/-/mobile-detect-1.4.4.tgz",
      "integrity": "sha512-vTgEjKjS89C5yHL5qWPpT6BzKuOVqABp+A3Szpbx34pIy3sngxlGaFpgHhfj6fKze1w0QKeOSDbU7SKu7wDvRQ=="
    }
  }
}
