{
  "name": "dlib",
  "version": "0.0.83",
  "lockfileVersion": 1,
  "requires": true,
  "dependencies": {
    "gl-matrix": {
      "version": "2.6.1",
      "resolved": "https://registry.npmjs.org/gl-matrix/-/gl-matrix-2.6.1.tgz",
      "integrity": "sha512-fK37p7vkpw5H4WSypfa6TUV8nlB8+Fd1pZj15sMtvRPnfzArvTI4U4E25x2Hmp+UxZX11ve0aGaHarRieP+gSw=="
    },
    "mobile-detect": {
      "version": "1.4.2",
      "resolved": "https://registry.npmjs.org/mobile-detect/-/mobile-detect-1.4.2.tgz",
      "integrity": "sha1-1F//+NCmQa7svDWhXYgUmjShg1A="
    }
  }
}
