{
  "name": "dlib",
  "version": "0.0.41",
  "lockfileVersion": 1,
  "requires": true,
  "dependencies": {
    "gl-matrix": {
      "version": "2.3.2",
      "resolved": "https://registry.npmjs.org/gl-matrix/-/gl-matrix-2.3.2.tgz",
      "integrity": "sha1-qsgIx0r31dsF/gTLYMoaD8sXTXQ="
    },
    "mobile-detect": {
      "version": "1.3.6",
      "resolved": "https://registry.npmjs.org/mobile-detect/-/mobile-detect-1.3.6.tgz",
      "integrity": "sha1-gB9SAQmBD1CQp0HO1JFPcG59++g="
    }
  }
}
