{
  "name": "dlib-three",
  "version": "0.0.5",
  "lockfileVersion": 1,
  "requires": true,
  "dependencies": {
    "dlib": {
      "version": "0.0.92",
      "resolved": "https://registry.npmjs.org/dlib/-/dlib-0.0.92.tgz",
      "integrity": "sha512-iVVXWpjpbB0IG4jnEj9Vy5z6hPt2014TCTlo8Au0MUeR8SHeId3rQC2DfaXN+1d3L1QG1r6ezW0DnqY1h1JGgw==",
      "requires": {
        "gl-matrix": "^3.0.0",
        "mobile-detect": "^1.4.3"
      }
    },
    "gl-matrix": {
      "version": "3.0.0",
      "resolved": "https://registry.npmjs.org/gl-matrix/-/gl-matrix-3.0.0.tgz",
      "integrity": "sha512-PD4mVH/C/Zs64kOozeFnKY8ybhgwxXXQYGWdB4h68krAHknWJgk9uKOn6z8YElh5//vs++90pb6csrTIDWnexA=="
    },
    "mobile-detect": {
      "version": "1.4.3",
      "resolved": "https://registry.npmjs.org/mobile-detect/-/mobile-detect-1.4.3.tgz",
      "integrity": "sha512-UaahPNLllQsstHOEHAmVnTHCMQrAS9eL5Qgdi50QrYz6UgGk+Xziz2udz2GN6NYcyODcPLnasC7a7s6R2DjiaQ=="
    },
    "three": {
      "version": "0.101.1",
      "resolved": "https://registry.npmjs.org/three/-/three-0.101.1.tgz",
      "integrity": "sha512-8ufimUVmRLtH+BTpEIbDjdGEKQOVWLMLgGynaKin1KbYTE136ZNOepJ8EgByi0tN43dQ7B1YrKLCJgXGy4bLmw=="
    }
  }
}
