{
  "name": "dlib-three",
  "version": "0.0.3",
  "lockfileVersion": 1,
  "requires": true,
  "dependencies": {
    "dlib": {
      "version": "0.0.88",
      "resolved": "https://registry.npmjs.org/dlib/-/dlib-0.0.88.tgz",
      "integrity": "sha512-b9sk5jRfyxAV8Js5ehXoEvffo+rKwoU8g0FfGwIkOJEi5pXAaUKOTyi/plc93+Abzf34BXlHK32As0GGueykvw==",
      "requires": {
        "gl-matrix": "^2.6.1",
        "mobile-detect": "^1.4.2"
      }
    },
    "gl-matrix": {
      "version": "2.8.1",
      "resolved": "https://registry.npmjs.org/gl-matrix/-/gl-matrix-2.8.1.tgz",
      "integrity": "sha512-0YCjVpE3pS5XWlN3J4X7AiAx65+nqAI54LndtVFnQZB6G/FVLkZH8y8V6R3cIoOQR4pUdfwQGd1iwyoXHJ4Qfw=="
    },
    "mobile-detect": {
      "version": "1.4.3",
      "resolved": "https://registry.npmjs.org/mobile-detect/-/mobile-detect-1.4.3.tgz",
      "integrity": "sha512-UaahPNLllQsstHOEHAmVnTHCMQrAS9eL5Qgdi50QrYz6UgGk+Xziz2udz2GN6NYcyODcPLnasC7a7s6R2DjiaQ=="
    },
    "three": {
      "version": "0.100.0",
      "resolved": "https://registry.npmjs.org/three/-/three-0.100.0.tgz",
      "integrity": "sha512-/lN2rdE1OqIwJr4/HcSaOisiCY0uVA0sqPpbCG5nil2uICEdS0LfGwSVYTtZDsIpR76r3++h5H3Hzg5D+SJBRQ=="
    }
  }
}
