{
  "name": "@damienmortini/three",
  "version": "0.0.9",
  "lockfileVersion": 1,
  "requires": true,
  "dependencies": {
    "@damienmortini/lib": {
      "version": "0.0.102",
      "resolved": "https://registry.npmjs.org/@damienmortini/lib/-/lib-0.0.102.tgz",
      "integrity": "sha512-nYlbMmgo2sc1BbHXoka0RlVv6NH+uDAkVQ0sqoYIU6cPeApNQ3ar8UoRBHeLPiCNDWpdW4ovG9pXFzGKsA+I9w==",
      "requires": {
        "gl-matrix": "^3.0.0",
        "mobile-detect": "^1.4.3"
      }
    },
    "gl-matrix": {
      "version": "3.0.0",
      "resolved": "https://registry.npmjs.org/gl-matrix/-/gl-matrix-3.0.0.tgz",
      "integrity": "sha512-PD4mVH/C/Zs64kOozeFnKY8ybhgwxXXQYGWdB4h68krAHknWJgk9uKOn6z8YElh5//vs++90pb6csrTIDWnexA=="
    },
    "mobile-detect": {
      "version": "1.4.3",
      "resolved": "https://registry.npmjs.org/mobile-detect/-/mobile-detect-1.4.3.tgz",
      "integrity": "sha512-UaahPNLllQsstHOEHAmVnTHCMQrAS9eL5Qgdi50QrYz6UgGk+Xziz2udz2GN6NYcyODcPLnasC7a7s6R2DjiaQ=="
    },
    "three": {
      "version": "0.104.0",
      "resolved": "https://registry.npmjs.org/three/-/three-0.104.0.tgz",
      "integrity": "sha512-q617IMBC5k40U2E9UC4/LtmhzTOOLB1jGMIooUL+QrhZ7abiGCSDrKrpCDt9V8RTl6xw+0FYfA1PYsIPKbQOgg=="
    }
  }
}
