{
  "name": "@damienmortini/element-animation-lottie",
  "version": "0.0.2",
  "lockfileVersion": 1,
  "requires": true,
  "dependencies": {
    "lottie-web": {
      "version": "5.6.3",
      "resolved": "https://registry.npmjs.org/lottie-web/-/lottie-web-5.6.3.tgz",
      "integrity": "sha512-cSG6kSA2m5ppxV/QMVHRVGop/R+oXgO4vVMvDcZR015Cy0PGml5hHP+XG21yB2qV6cYZy+X3ChTogSALgch7CA=="
    }
  }
}
