{
  "name": "@damienmortini/element-input-color",
  "version": "0.0.7",
  "lockfileVersion": 1,
  "requires": true,
  "dependencies": {
    "@damienmortini/lib": {
      "version": "0.2.11",
      "resolved": "https://npm.pkg.github.com/download/@damienmortini/lib/0.2.11/bde01ff58396959925b0209528886581a5c24a3040ea98c355ce4f260ecd0e95",
      "integrity": "sha512-kQrvGuACTYd7aRSXmvcmAYHVbdGedlZMrI8xU7mySY19VuLjTVhqI0bsqP+j9xxbMsSUaHVUEFknc5Gn6aVfIQ==",
      "requires": {
        "gl-matrix": "^3.1.0",
        "mobile-detect": "^1.4.4"
      }
    },
    "gl-matrix": {
      "version": "3.2.1",
      "resolved": "https://registry.npmjs.org/gl-matrix/-/gl-matrix-3.2.1.tgz",
      "integrity": "sha512-YYVO8jUSf6+SakL4AJmx9Jc7zAZhkJQ+WhdtX3VQe5PJdCOX6/ybY4x1vk+h94ePnjRn6uml68+QxTAJneUpvA=="
    },
    "mobile-detect": {
      "version": "1.4.4",
      "resolved": "https://registry.npmjs.org/mobile-detect/-/mobile-detect-1.4.4.tgz",
      "integrity": "sha512-vTgEjKjS89C5yHL5qWPpT6BzKuOVqABp+A3Szpbx34pIy3sngxlGaFpgHhfj6fKze1w0QKeOSDbU7SKu7wDvRQ=="
    }
  }
}
