{
  "name": "elements-showcase",
  "requires": true,
  "lockfileVersion": 1,
  "dependencies": {
    "@damienmortini/element-animation-lottie": {
      "version": "0.0.6",
      "resolved": "https://npm.pkg.github.com/download/@damienmortini/element-animation-lottie/0.0.6/98e621ae7482413f6b12f9434fdba61106214817c853b9fb4da9f0943d18a628",
      "integrity": "sha512-IJJsw/qtR3e6Go7HUNcOKhsosZ7RxFktQSMrZJh7sya1srKpfON/q8bUSgpOiqM6xL4olmx7eLCif9PUH4O7Aw==",
      "requires": {
        "@damienmortini/lib": "^0.2.11",
        "lottie-web": "^5.6.3"
      }
    },
    "@damienmortini/element-animation-sprite": {
      "version": "0.0.5",
      "resolved": "https://npm.pkg.github.com/download/@damienmortini/element-animation-sprite/0.0.5/9822f6abab7f5c63aa254b47388f44dca3bb0fe4bfd8f3c4ce400804178f14b4",
      "integrity": "sha512-kNxqfIiEZN4cTM/8Kf0OJL67E0TclNHH//54p4gionafFJOL77S9LNWyG7KlYBeYGD+jDHV4Eu+HI5iMsW180Q=="
    },
    "@damienmortini/element-animation-ticker": {
      "version": "0.0.6",
      "resolved": "https://npm.pkg.github.com/download/@damienmortini/element-animation-ticker/0.0.6/129be795df7ddb54fbcc504721804073aa3e03f64c12e92f87cdbb14f2fe0466",
      "integrity": "sha512-yWdI6jOFQsW1Ot1IaY0M7rLyzlzyAAv2NoBknQ4YTUyMB5qGA7UUufrZL/xNdAXsdrrttg1bGlEeg3m9d/Nilw=="
    },
    "@damienmortini/element-gl-image": {
      "version": "0.0.5",
      "resolved": "https://npm.pkg.github.com/download/@damienmortini/element-gl-image/0.0.5/fbdae06fc10851a8d54594583a399efc6cf525d97a26c67d459c777edef440f8",
      "integrity": "sha512-fAsJPVJ5kPJ6NszFCl/oiWrXo7Wd/RCxBag21hsb0Zynfl9eHlBSXVUXsi9GgA+KM5N1FlRATTpvhpLoJvupwA=="
    },
    "@damienmortini/element-gl-video": {
      "version": "0.0.5",
      "resolved": "https://npm.pkg.github.com/download/@damienmortini/element-gl-video/0.0.5/997fbf44641c6b91e26d0fd97ffb26f5e2c65aaa92df79aa89dc626d68144211",
      "integrity": "sha512-klwFoY1hNbLPi1dQspTVohVuLILoLh4/eLhtBM2HSx8vcYoVqW3PkjfkIGFqiv6A+lEWjSd+pBk980eZhizrcw=="
    },
    "@damienmortini/element-input-button": {
      "version": "0.0.6",
      "resolved": "https://npm.pkg.github.com/download/@damienmortini/element-input-button/0.0.6/5984fbe23b3d0b1c206d0211f14dfad8173ad8c2d11d078c935a11dbd5689efd",
      "integrity": "sha512-mpaW0xigcg+M6tRj5tdROMYSqlREV/KVNK1Jx7PBXk83Y8ODrnW8OMEX3jwm54cWliZsa0k99jZ3P8Qe9uaqFQ=="
    },
    "@damienmortini/element-input-checkbox": {
      "version": "0.0.6",
      "resolved": "https://npm.pkg.github.com/download/@damienmortini/element-input-checkbox/0.0.6/26f582aa23e2293a958888a54d4f5fbf9a5723d4d2c57da46dcd7cfcb17a124a",
      "integrity": "sha512-B27m73Vx7QYzb1cs5ve9W63SQJio72zrNU+8lM1e3CKnMAH05w4jQJgv7xPb2XbzvM3axaLpGR+CY1X02e+9Kw=="
    },
    "@damienmortini/element-input-color": {
      "version": "0.0.6",
      "resolved": "https://npm.pkg.github.com/download/@damienmortini/element-input-color/0.0.6/0af1f525608f8df01bf2ee1277b72d4dc949b6b2187d4ef4c009305d53647ebb",
      "integrity": "sha512-z7NGgeUb7CONfemJvdmq3XqzhsKLUtZRp5cXkKooCIRc7bflGExXKv2N+4Zj9CmxVtxL5rdN/HoHzlQbcL5Ihg==",
      "requires": {
        "@damienmortini/lib": "^0.2.11"
      }
    },
    "@damienmortini/element-input-colorpicker": {
      "version": "0.0.6",
      "resolved": "https://npm.pkg.github.com/download/@damienmortini/element-input-colorpicker/0.0.6/1a22731238139feb63ec9b151dd598e3bf998ad26d085c0955ecc5d657840268",
      "integrity": "sha512-gI7BnIxEyD0EySFwt2CpoHtEMs45aQx23yEpq/UAu+jY46LDbUE4/x++bG0Iz2gL4atzRvJD7pqpdprwk0R43w==",
      "requires": {
        "a-color-picker": "^1.2.1"
      }
    },
    "@damienmortini/element-input-connector": {
      "version": "0.0.5",
      "resolved": "https://npm.pkg.github.com/download/@damienmortini/element-input-connector/0.0.5/c3e973c8b4385bc6971fbf76bbe965fadb2861839c0fdcb678a9bc5d47d5f983",
      "integrity": "sha512-Ie53j5oaBE3OOjFYuluJGRT2mNC0PCupxin62rhCcOigQc7UuVzjlAhwJVWVqTS7OcTMGqR9EpKkoA6hUh/dmg=="
    },
    "@damienmortini/element-input-connector-linkable": {
      "version": "0.0.5",
      "resolved": "https://npm.pkg.github.com/download/@damienmortini/element-input-connector-linkable/0.0.5/421119d9ccf449638fc6e7c12417f9b2ffcc6f93b57e999d5d55d35e8b821c4d",
      "integrity": "sha512-L7Het2i8Ekumldp3gIQWgVyu4ndhNKdVLwXOsk0HiYGjYxp+c2XJ1neC2I4oq7rKfOce6amZ89/sNYzs2lvuDg=="
    },
    "@damienmortini/element-input-file": {
      "version": "0.0.5",
      "resolved": "https://npm.pkg.github.com/download/@damienmortini/element-input-file/0.0.5/f1131f003d334c4b498f9a3dddb08c358bc355fa94640cf066f2937b2b4afa40",
      "integrity": "sha512-kuV3gwQcGsU1GoCIij9vV7ckWV7oCA4pKVtMtzkCxdxhsS7va+aMlD3fFyBwpc4K94CrBi/bHnbLlS+qepqg5A=="
    },
    "@damienmortini/element-input-joystick": {
      "version": "0.0.5",
      "resolved": "https://npm.pkg.github.com/download/@damienmortini/element-input-joystick/0.0.5/0987910ef44cdd3962f3538c54e4fa12a787617af32673c4da134d2905ecda1e",
      "integrity": "sha512-ikDqUKp/i91b8ohvskBNDPdSsmkhPDP/yGXJUVG46FALNVD8nSBuJUpLni5oFCIgeNinl+BmecTycLcNUqF86g=="
    },
    "@damienmortini/element-input-number": {
      "version": "0.0.5",
      "resolved": "https://npm.pkg.github.com/download/@damienmortini/element-input-number/0.0.5/9b842e09eacd3768e7c7e0c8813340a883d7a33d22410768f1ddcfd01a75c065",
      "integrity": "sha512-EAaqft3zsBM0dcCSYlPtqjUJ6KV5cugUxoP2qOCWeFdDt1K7oG6sNVAqOSaEdYTmOdo3IkzgZBDL1Lus991A2A=="
    },
    "@damienmortini/element-input-pad2d": {
      "version": "0.0.5",
      "resolved": "https://npm.pkg.github.com/download/@damienmortini/element-input-pad2d/0.0.5/0136d49c78a3e30cda4b00ab0f65b9797d22538436566ac9b01ba951e4c952f8",
      "integrity": "sha512-yD68FPp8O3dr/UMe+cTGipy5cF7zezMkPS5ZtfO3dA6ovPq3qx9S5J6+Bd90u111IOn+T2/HjHqb9oIBPd3+lw=="
    },
    "@damienmortini/element-input-range": {
      "version": "0.0.5",
      "resolved": "https://npm.pkg.github.com/download/@damienmortini/element-input-range/0.0.5/b8408139bf7ffabf7f88c49118421c7bf1772ff4ad7eed6f77cf51e9319327a7",
      "integrity": "sha512-flamlJjAb20qiXKloGRI+e+yeCxLYZrGRHClKZFJiNL/uAzPGonWetv1329aBh6sM20eNWx6Eb97v3M2FA0tQg=="
    },
    "@damienmortini/element-input-select": {
      "version": "0.0.5",
      "resolved": "https://npm.pkg.github.com/download/@damienmortini/element-input-select/0.0.5/eadb330696a0e3e38d51fbfeddfb9d06164c2cfbbf822431b17001d790223a6a",
      "integrity": "sha512-C7ucB1bxBflAYIkogQvLtn6dV9fI+5WO7bFv32zfVmwJt18Sy/hDvCD8ixJjSRXvIhxacCu+Vc5Kl/fd/s3UJA=="
    },
    "@damienmortini/element-input-soundmatrix": {
      "version": "0.0.5",
      "resolved": "https://npm.pkg.github.com/download/@damienmortini/element-input-soundmatrix/0.0.5/0811a325940672201f16e04a95d7d73db53cc8b99d20314d5976ee91e95e0a5a",
      "integrity": "sha512-irjuJgwI2Tvaorc6EKOyNCm7M0RLyczY7mbIlQ/6X2bnFpNNnW8cCpY2mlXnBuE1d9LivJTTqaGHW+TM1bOuKw=="
    },
    "@damienmortini/element-input-text": {
      "version": "0.0.5",
      "resolved": "https://npm.pkg.github.com/download/@damienmortini/element-input-text/0.0.5/7c1a67dc65c2a026c7d52b242fbb4e5ab41578f1cde552eebf9a8dc614336972",
      "integrity": "sha512-Yt6RLH8gOby/FehYN5eDCMjCSbT3F3Yu3IMed4Ni23lEl9zNxdnHEuFJpsah0apHPr4zuv9eT/prr1E1Fdn/0Q=="
    },
    "@damienmortini/element-link": {
      "version": "0.0.5",
      "resolved": "https://npm.pkg.github.com/download/@damienmortini/element-link/0.0.5/6e130b4e05656f57f7097779fbe2b05e096e5c244c2d61b371cbf2cc4b8b99dd",
      "integrity": "sha512-Jj86gRmD16IjC9GgYCRYlG761dBb0F/gxq98NOeIHFmvSK8kOOvkO5+O6QHgPNi/LObRW0py60Ws2J2WhHjwuQ=="
    },
    "@damienmortini/element-menu": {
      "version": "0.0.5",
      "resolved": "https://npm.pkg.github.com/download/@damienmortini/element-menu/0.0.5/16174425fcc3acc704d64d9ee393401f7708d1b77c805c7b585d2d430f9c3c54",
      "integrity": "sha512-2n0RxPNeQS0Q/w78hvPP9ugi9ontHCNwnw+2Dbt1C11i3dxkAWRq+c+8zJEX+OYB3f0xQDvUh9QQ4MN7TELPVw=="
    },
    "@damienmortini/element-video-gl": {
      "version": "0.0.5",
      "resolved": "https://npm.pkg.github.com/download/@damienmortini/element-video-gl/0.0.5/844ea3e6d609696e9ace891ccd52d5603a5942b4b980abf87f80b859c7ddd57b",
      "integrity": "sha512-2PUrjS+yvixF3Uaz+vL5BJDGlKzCMI5N492nywxZ/DqMw/QNSZynk693oTFD72jC/m/0dbdsJ6HTTiQxyjjpKw=="
    },
    "@damienmortini/element-view": {
      "version": "0.0.5",
      "resolved": "https://npm.pkg.github.com/download/@damienmortini/element-view/0.0.5/deedbb69ed789932862b65603d679f3e971500a4df031182237cf9989d872710",
      "integrity": "sha512-dW/vAekro0SFjuQmnaXUMR051jDIwBn2ddikmvEBt8D6qFjrReSai9c4r6H5qiofUEhjnAGSFiBnfFwd1PohYw=="
    },
    "@damienmortini/element-viewport": {
      "version": "0.0.5",
      "resolved": "https://npm.pkg.github.com/download/@damienmortini/element-viewport/0.0.5/0873a72c3d88212ecf24f29fd4e2aec7654204870cb9dfb4e3c1e18e27fc36b7",
      "integrity": "sha512-4WwWpdxzBNhiVQTh0HmtIo5xPCyX3AiR6ljhy9xPcxJMh2k9gGArZctStvc/WHQ08TkokkTYHN2gqTSemjRTtg=="
    },
    "@damienmortini/element-zoomable": {
      "version": "0.0.5",
      "resolved": "https://npm.pkg.github.com/download/@damienmortini/element-zoomable/0.0.5/e19bb2639ff4ba16715b8c78e54ec37d5dc17cc26c2ef921388684311b06ba8b",
      "integrity": "sha512-taqWADtp9JmL9inqmrUCqJz+23uiMR3W/9iaWzCr/VhXwFU1vPnS0Hjv/isqkN0qfEvpWu/PwfG9/3Ow3YHHBA=="
    },
    "@damienmortini/lib": {
      "version": "0.2.11",
      "resolved": "https://npm.pkg.github.com/download/@damienmortini/lib/0.2.11/bde01ff58396959925b0209528886581a5c24a3040ea98c355ce4f260ecd0e95",
      "integrity": "sha512-kQrvGuACTYd7aRSXmvcmAYHVbdGedlZMrI8xU7mySY19VuLjTVhqI0bsqP+j9xxbMsSUaHVUEFknc5Gn6aVfIQ==",
      "requires": {
        "gl-matrix": "^3.1.0",
        "mobile-detect": "^1.4.4"
      }
    },
    "a-color-picker": {
      "version": "1.2.1",
      "resolved": "https://registry.npmjs.org/a-color-picker/-/a-color-picker-1.2.1.tgz",
      "integrity": "sha512-aMCUKd2zTDWK2YWnjz0k3YhFc9XL0jZlPIywF6XkP6i3wdq2iHTEnl1BFPZkOVDV89M12t+zeZ8m23cfzn57/Q==",
      "requires": {
        "is-plain-object": "^2.0.4"
      }
    },
    "gl-matrix": {
      "version": "3.2.1",
      "resolved": "https://registry.npmjs.org/gl-matrix/-/gl-matrix-3.2.1.tgz",
      "integrity": "sha512-YYVO8jUSf6+SakL4AJmx9Jc7zAZhkJQ+WhdtX3VQe5PJdCOX6/ybY4x1vk+h94ePnjRn6uml68+QxTAJneUpvA=="
    },
    "is-plain-object": {
      "version": "2.0.4",
      "resolved": "https://registry.npmjs.org/is-plain-object/-/is-plain-object-2.0.4.tgz",
      "integrity": "sha512-h5PpgXkWitc38BBMYawTYMWJHFZJVnBquFE57xFpjB8pJFiF6gZ+bU+WyI/yqXiFR5mdLsgYNaPe8uao6Uv9Og==",
      "requires": {
        "isobject": "^3.0.1"
      }
    },
    "isobject": {
      "version": "3.0.1",
      "resolved": "https://registry.npmjs.org/isobject/-/isobject-3.0.1.tgz",
      "integrity": "sha1-TkMekrEalzFjaqH5yNHMvP2reN8="
    },
    "lottie-web": {
      "version": "5.6.4",
      "resolved": "https://registry.npmjs.org/lottie-web/-/lottie-web-5.6.4.tgz",
      "integrity": "sha512-eU+21Wo/RSi4i260S7fDUxfhNJ9PhfzUJMVQpip0yZd19oJ18jrNCoSQKVUzjC2TzOjqumlLZXR636ezKoWNQg=="
    },
    "mobile-detect": {
      "version": "1.4.4",
      "resolved": "https://registry.npmjs.org/mobile-detect/-/mobile-detect-1.4.4.tgz",
      "integrity": "sha512-vTgEjKjS89C5yHL5qWPpT6BzKuOVqABp+A3Szpbx34pIy3sngxlGaFpgHhfj6fKze1w0QKeOSDbU7SKu7wDvRQ=="
    }
  }
}
