{
  "name": "@damienmortini/element-gui",
  "version": "0.0.3",
  "lockfileVersion": 1,
  "requires": true,
  "dependencies": {
    "@damienmortini/element-input-button": {
      "version": "0.0.6",
      "resolved": "https://npm.pkg.github.com/download/@damienmortini/element-input-button/0.0.6/5984fbe23b3d0b1c206d0211f14dfad8173ad8c2d11d078c935a11dbd5689efd",
      "integrity": "sha512-mpaW0xigcg+M6tRj5tdROMYSqlREV/KVNK1Jx7PBXk83Y8ODrnW8OMEX3jwm54cWliZsa0k99jZ3P8Qe9uaqFQ=="
    },
    "@damienmortini/element-input-checkbox": {
      "version": "0.0.6",
      "resolved": "https://npm.pkg.github.com/download/@damienmortini/element-input-checkbox/0.0.6/26f582aa23e2293a958888a54d4f5fbf9a5723d4d2c57da46dcd7cfcb17a124a",
      "integrity": "sha512-B27m73Vx7QYzb1cs5ve9W63SQJio72zrNU+8lM1e3CKnMAH05w4jQJgv7xPb2XbzvM3axaLpGR+CY1X02e+9Kw=="
    },
    "@damienmortini/element-input-colorpicker": {
      "version": "0.0.7",
      "resolved": "https://npm.pkg.github.com/download/@damienmortini/element-input-colorpicker/0.0.7/50a9a189f4cc732923f5cdac61c39e961d479bdc41421ba248de0f99c4b31a6d",
      "integrity": "sha512-jXgeNsHiPL/EQ1GxwwwME0Fk8TF6a31XGoP8HN4fzDAn0MLT/Po+bDBvz5xPbNAaiVz58/NMPsEFK1U/ENwZ+w==",
      "requires": {
        "a-color-picker": "^1.2.1"
      }
    },
    "@damienmortini/element-input-range": {
      "version": "0.0.6",
      "resolved": "https://npm.pkg.github.com/download/@damienmortini/element-input-range/0.0.6/43e196f6dec19941c70abd2726a132496376a83545bd5f2d0ab271d624a1f9ca",
      "integrity": "sha512-6f6cRuk8H7my2J0b7OWby3RBeQyrHba3jllnhZC7q5HBSxSJ3jMKfTbBbAQ+O4x9ratr2MC+gPusPNrnwGFegg=="
    },
    "@damienmortini/element-input-select": {
      "version": "0.0.6",
      "resolved": "https://npm.pkg.github.com/download/@damienmortini/element-input-select/0.0.6/fe3c17ee857f47646dd21cfaaba9f7a5e4b57236393d3fab9333f944004ae9a6",
      "integrity": "sha512-zKIeExU9iJepCFUBp+IG3BdhjL+mAOA7WYs+pQmiNzJLyWD4s1PczRHP36y/mKwySzxuWopGlKZygTCkL2DY2Q=="
    },
    "@damienmortini/element-input-text": {
      "version": "0.0.6",
      "resolved": "https://npm.pkg.github.com/download/@damienmortini/element-input-text/0.0.6/eb681641efd62f8bb33eeb9f18f8a84b77ed4aff2344ffac9e50f0a226cc8ca9",
      "integrity": "sha512-D6yyrRv08PmTqsygj1Di7yNtbGhvNEWN0FWdxOq7Wa96QTjFJo++4yOEI1RVEjZ5XYyOVPBmikR63wOhOiBbog=="
    },
    "a-color-picker": {
      "version": "1.2.1",
      "resolved": "https://registry.npmjs.org/a-color-picker/-/a-color-picker-1.2.1.tgz",
      "integrity": "sha512-aMCUKd2zTDWK2YWnjz0k3YhFc9XL0jZlPIywF6XkP6i3wdq2iHTEnl1BFPZkOVDV89M12t+zeZ8m23cfzn57/Q==",
      "requires": {
        "is-plain-object": "^2.0.4"
      }
    },
    "is-plain-object": {
      "version": "2.0.4",
      "resolved": "https://registry.npmjs.org/is-plain-object/-/is-plain-object-2.0.4.tgz",
      "integrity": "sha512-h5PpgXkWitc38BBMYawTYMWJHFZJVnBquFE57xFpjB8pJFiF6gZ+bU+WyI/yqXiFR5mdLsgYNaPe8uao6Uv9Og==",
      "requires": {
        "isobject": "^3.0.1"
      }
    },
    "isobject": {
      "version": "3.0.1",
      "resolved": "https://registry.npmjs.org/isobject/-/isobject-3.0.1.tgz",
      "integrity": "sha1-TkMekrEalzFjaqH5yNHMvP2reN8="
    }
  }
}
