{
  "version": "1.0.0",
  "lockfileVersion": 1,
  "requires": true,
  "dependencies": {
    "@damienmortini/elements": {
      "version": "0.2.7",
      "resolved": "https://registry.npmjs.org/@damienmortini/elements/-/elements-0.2.7.tgz",
      "integrity": "sha512-jTMQlzniQMeAAyXtVPXy4JpNy+RZksgBf2UL0EMwuuo1NnUlP0haQ8vSqECKyY3G5wZ1pg65GwDLcdUM7KvRnQ==",
      "requires": {
        "@damienmortini/lib": "^0.2.10",
        "@simonwep/pickr": "^1.4.8",
        "@webcomponents/webcomponentsjs": "^2.4.0"
      }
    },
    "@damienmortini/lib": {
      "version": "0.2.10",
      "resolved": "https://registry.npmjs.org/@damienmortini/lib/-/lib-0.2.10.tgz",
      "integrity": "sha512-WHb0wfNhhVhpr/Oge25453qcqjH5050EfZh6dv82/CpNMOVZ3OVGL1it3b4Zdwnc7uXFN2rHYmxGu+CUqRPtbQ==",
      "requires": {
        "gl-matrix": "^3.1.0",
        "mobile-detect": "^1.4.4"
      }
    },
    "@simonwep/pickr": {
      "version": "1.5.0",
      "resolved": "https://registry.npmjs.org/@simonwep/pickr/-/pickr-1.5.0.tgz",
      "integrity": "sha512-WamaJhF9XfhvQ+nG18T3SoJgetsp219FVvz4SVuIdyptpwME1teLY77/Hqq5jaRS4vNd+XsOuQuWzBKcGvF0Ug==",
      "requires": {
        "core-js": "^3.6.2"
      }
    },
    "@webcomponents/webcomponentsjs": {
      "version": "2.4.1",
      "resolved": "https://registry.npmjs.org/@webcomponents/webcomponentsjs/-/webcomponentsjs-2.4.1.tgz",
      "integrity": "sha512-7jxBb+KoWncKb/JGFyTY40PjV4yRx2zd35ZLuvRP+6WndJDL7X32ZIZ7bN3sSQIl+NzJkCo7chfXJyzn+6WZaQ=="
    },
    "core-js": {
      "version": "3.6.4",
      "resolved": "https://registry.npmjs.org/core-js/-/core-js-3.6.4.tgz",
      "integrity": "sha512-4paDGScNgZP2IXXilaffL9X7968RuvwlkK3xWtZRVqgd8SYNiVKRJvkFd1aqqEuPfN7E68ZHEp9hDj6lHj4Hyw=="
    },
    "gl-matrix": {
      "version": "3.1.0",
      "resolved": "https://registry.npmjs.org/gl-matrix/-/gl-matrix-3.1.0.tgz",
      "integrity": "sha512-526NA+3EA+ztAQi0IZpSWiM0fyQXIp7IbRvfJ4wS/TjjQD0uv0fVybXwwqqSOlq33UckivI0yMDlVtboWm3k7A=="
    },
    "mobile-detect": {
      "version": "1.4.4",
      "resolved": "https://registry.npmjs.org/mobile-detect/-/mobile-detect-1.4.4.tgz",
      "integrity": "sha512-vTgEjKjS89C5yHL5qWPpT6BzKuOVqABp+A3Szpbx34pIy3sngxlGaFpgHhfj6fKze1w0QKeOSDbU7SKu7wDvRQ=="
    }
  }
}
