{
  "requires": true,
  "lockfileVersion": 1,
  "dependencies": {
    "@damienmortini/element-animation-lottie": {
      "version": "0.0.2",
      "resolved": "https://npm.pkg.github.com/download/@damienmortini/element-animation-lottie/0.0.2/d0a5cec21d1062175778b05680d1d7d6f773ef9f66616f8543dfee969515254a",
      "integrity": "sha512-AF75I+jdza00gABCiQvCMlB11JXLFMV08BUCyNFElBIKT8lTdnZI6mYK9hNrKyrESXFwZIZVNn55o0DMOwfVmQ=="
    },
    "@damienmortini/element-animation-sprite": {
      "version": "0.0.2",
      "resolved": "https://npm.pkg.github.com/download/@damienmortini/element-animation-sprite/0.0.2/da71e8963c80983e537b2544c5d8267e8a556ec7d03a98724f671bdcfe415f41",
      "integrity": "sha512-7E37vpgMRgsnMKpyrG151O0toKsruWDTqsJI/ZVF8yema71cPlXR7nSuvXaKI0g1bbvcQrLy/f8BGxf+s6VsEQ=="
    },
    "@damienmortini/element-animation-ticker": {
      "version": "0.0.2",
      "resolved": "https://npm.pkg.github.com/download/@damienmortini/element-animation-ticker/0.0.2/8d887ce56dc0a5dd3477f59a3cacbd199da3c2219b9a554b9a11fe0eb2cdcace",
      "integrity": "sha512-9PgZXGmKrYGBftakCD7/KHwuax8+cOkzoaK7s76pk+KiHExde/etRyZryKN8QBv4ILBuUBUYGjj2r32bPEOn0g=="
    },
    "@damienmortini/element-gl-image": {
      "version": "0.0.2",
      "resolved": "https://npm.pkg.github.com/download/@damienmortini/element-gl-image/0.0.2/7e2c46dc602c60f361581889af6be1eaea4f5d2fd5fe6e1c286f7dd3360db08d",
      "integrity": "sha512-QtzhdLKDBHWKD/8ZaMbmtuXhs53upErWTRbAxiQrcRp178uNB01gg0txqxu4qUdDHTFMPRs+ctuSfmmTXNvGQQ=="
    },
    "@damienmortini/element-gl-video": {
      "version": "0.0.2",
      "resolved": "https://npm.pkg.github.com/download/@damienmortini/element-gl-video/0.0.2/b16bde5f8ccf9f67dd532ca88203f8ce753ebaf3bad7e160a7094b7187f759e5",
      "integrity": "sha512-MB+1zM/CTbgKcxoritKKt0JxPl3KdYZKle0b5vhsnUrIF6WqKH+6KUVFfMYTDOWlC0miDFdFJSgZ0TDt73/tQg=="
    },
    "@damienmortini/element-input-button": {
      "version": "0.0.2",
      "resolved": "https://npm.pkg.github.com/download/@damienmortini/element-input-button/0.0.2/4753607af769d7957bc2cf3e29a9f1d27eb835b2c698ee62c0a822f5e947786e",
      "integrity": "sha512-w7s+pZfNnsvBktmOWdcBnvvonmS+chl/780cnEwlOqx7gIFkwJsaQNxObr12lKYsBglZc17IP9CdPuO1Zoctag=="
    },
    "@damienmortini/element-input-checkbox": {
      "version": "0.0.2",
      "resolved": "https://npm.pkg.github.com/download/@damienmortini/element-input-checkbox/0.0.2/9c92a7923e4f4621af637f437b22dba85137b9ba1677cb994035a35bca4ee6b2",
      "integrity": "sha512-UIg6FwsO9Fnunfah96sQf2U8HrO9cC5J5WJCHGGfIleWpIeiyeJeyy+qbVBSLim05KB+satTB13yaUhEH8/ufw=="
    },
    "@damienmortini/element-input-color": {
      "version": "0.0.2",
      "resolved": "https://npm.pkg.github.com/download/@damienmortini/element-input-color/0.0.2/3e660789184a5d6360edb8308ff8339fb74e1774f83b24bf4c3987c0c7bc546d",
      "integrity": "sha512-tnydsvH87MWZAsBQuomNuGGF2qdRU9VtTj5gJ7cGFpoXmsi84GTakbTzgFp19AejPyt+X5l5KooI04pPitei6Q=="
    },
    "@damienmortini/element-input-colorpicker": {
      "version": "0.0.2",
      "resolved": "https://npm.pkg.github.com/download/@damienmortini/element-input-colorpicker/0.0.2/20f0cff0d64f602ea577932db4680728b4c8a74d0bf6abb2bee934399f7bd6bb",
      "integrity": "sha512-eH6os1Jcnyi2TnDQGYLiHPfr5LwZV5DE12CZEz+4agg+0C/aClNjTi7jnIyl4Mct1/KMKnoBMjNWPYkKLRmmLA=="
    },
    "@damienmortini/element-input-connector": {
      "version": "0.0.2",
      "resolved": "https://npm.pkg.github.com/download/@damienmortini/element-input-connector/0.0.2/72e2f17209cb7b60b6df97c5ee3845f5c9a9329291c8ed7228f09e1c0837e489",
      "integrity": "sha512-fcuSXLgn1LHsrOMkPZnYB9pq5t1+NwAabb8qZhvp5Iq2HbNpK1Ssoe3Ymjmw293mqnw1XZ0Te2KOvAXsQtXJDQ=="
    },
    "@damienmortini/element-input-connector-linkable": {
      "version": "0.0.2",
      "resolved": "https://npm.pkg.github.com/download/@damienmortini/element-input-connector-linkable/0.0.2/788a5b0a97908c6acd2ad21b707b71f0251d0f75905e215ece11729d69cc2c74",
      "integrity": "sha512-ipDvXeUVIVOzjMQmEZzH15/Y7xYWuRkLhwJ0Vpsm4Tusf4QaaNz9FeYdWvDcsXuKk0Ocv8T2INX2E+zN0RvfKQ=="
    },
    "@damienmortini/element-input-file": {
      "version": "0.0.2",
      "resolved": "https://npm.pkg.github.com/download/@damienmortini/element-input-file/0.0.2/9ddffcc16c625c8dfbb16a90c9a2cc9e759c41aac5c156b55359e3a52ee9b8e9",
      "integrity": "sha512-xkVohKc0asTGSOhWUSH4908UVTpZSP3BRpyK3mKdUdPpX1+Q3BiMZF0WELKhUK5+E5F/HN1sJ4Kmzx+dNpkrLQ=="
    },
    "@damienmortini/element-input-joystick": {
      "version": "0.0.2",
      "resolved": "https://npm.pkg.github.com/download/@damienmortini/element-input-joystick/0.0.2/12cfdf8790ec5636dcb601d0b6a04f301a7fd9968bcbe6683f0b7c07166d5d7d",
      "integrity": "sha512-SYMEon6goAeGjTQ8stVv+sexXbR4gJh+PyE75q/LG3CY/6jQjx0QrHPR1Wh5PD589VFJGvIBZGkEjoKXeQHMiQ=="
    },
    "@damienmortini/element-input-number": {
      "version": "0.0.2",
      "resolved": "https://npm.pkg.github.com/download/@damienmortini/element-input-number/0.0.2/f8a6b09cd1223e5a060d0254fdb1387e5a857afd5754f7f64978fbac747552bb",
      "integrity": "sha512-v6cJ3HCDjb2nHFBbJ1/9frRztGFpkHTOns6dZ12bxZDevmE4gHOB72Xtyyugy5IRs6WbNDA7MF2zOsO9BS8Jrg=="
    },
    "@damienmortini/element-input-pad2d": {
      "version": "0.0.2",
      "resolved": "https://npm.pkg.github.com/download/@damienmortini/element-input-pad2d/0.0.2/a268726d490b009571828ce409b5125e29d6bec19cee7e467d074e24f5daec18",
      "integrity": "sha512-A9bno3/XlM8l1Fku0eDvdMM0PENKAk85cp6fOge9Gyu9pim+9M2ip0zDtxoNp7bLXbpBRMpykfiG920mwzwgtg=="
    },
    "@damienmortini/element-input-range": {
      "version": "0.0.2",
      "resolved": "https://npm.pkg.github.com/download/@damienmortini/element-input-range/0.0.2/e573fc7d00dde762391f258751dfe302fe363d97442144077638c6f4768c1ea8",
      "integrity": "sha512-E9mzOKk3JGRb6/GjCG/KDwl0pVWH3VKoUFArb87FY61qh0UblNdrt7YhcUH6+0CiK1qJtxreG3W5+z8MQVoxpQ=="
    },
    "@damienmortini/element-input-select": {
      "version": "0.0.2",
      "resolved": "https://npm.pkg.github.com/download/@damienmortini/element-input-select/0.0.2/644832326e9179e53b5daf78f8d06d891a2ccdf20b4beb1958bc99dde063b31e",
      "integrity": "sha512-4OzhBbKJfnoG0c0Qb25U2mImF24UV04oj2DtP1Q68xSGCPqJdvxwFFY6RTVbEj1xSuW5WHrKBcuvkyzw/aF2hA=="
    },
    "@damienmortini/element-input-soundmatrix": {
      "version": "0.0.2",
      "resolved": "https://npm.pkg.github.com/download/@damienmortini/element-input-soundmatrix/0.0.2/cf6670f33d64cac4e704e1d5037070459ad26bacb156b4238f8d74850e42cc7f",
      "integrity": "sha512-IQgYJZ7MlWPJScYhiDgZmrUM19iR+sVxSqmILBMio8jQW978AIoAhMH5jNihN46vnaX8VXuxLko0yx746vko4g=="
    },
    "@damienmortini/element-input-text": {
      "version": "0.0.2",
      "resolved": "https://npm.pkg.github.com/download/@damienmortini/element-input-text/0.0.2/35d5fdce594e984bb6980675c1855303722c9c21a886623c700bfd59e5320881",
      "integrity": "sha512-08aDRNWWC13KL1mtRF5UJDyDctGA0/Wp0u6A7qA0nk17hdEx2QP/N4w3yh/jkXqilJuFgOMGhlupQRbUXwBrbw=="
    },
    "@damienmortini/element-link": {
      "version": "0.0.2",
      "resolved": "https://npm.pkg.github.com/download/@damienmortini/element-link/0.0.2/e03baa3fc88505e1f6020e67d02f346123202478deb78ae16823e3c1c2046d56",
      "integrity": "sha512-TaMoDzxKDUOWL4eGOjgvdiZ+y0uA1wk3f9yL444fZnqVymMIRkGmRdY8oISLYZBEBEloVITZTzuXTS09rHf4hA=="
    },
    "@damienmortini/element-menu": {
      "version": "0.0.2",
      "resolved": "https://npm.pkg.github.com/download/@damienmortini/element-menu/0.0.2/aced2a9f62ecb9e8691bd612c97a0cd8964d28677d16c3220f63d2d25622b407",
      "integrity": "sha512-hk1TRpivc2XJsqvAfuEWuXkqt/6UoAY3V/myKSCc9DcYFMnutqWwBne3CYIEbedSJIqQE1mHq+Ri5DNvbPsiww=="
    },
    "@damienmortini/element-video-gl": {
      "version": "0.0.2",
      "resolved": "https://npm.pkg.github.com/download/@damienmortini/element-video-gl/0.0.2/4d674cb2be060b6a7510ad6a9c193346ed92028e4431cc0a0bdbcc9893e892b3",
      "integrity": "sha512-eWX9VDwOUlGzgp8/RU1Cu2BeP7xdvx9nCqAbiOlA6YScjAe+aerWIufamU7sq/tO12YMJVlNa2sGlPhxwlazLg=="
    },
    "@damienmortini/element-view": {
      "version": "0.0.2",
      "resolved": "https://npm.pkg.github.com/download/@damienmortini/element-view/0.0.2/a527eed03627c887ed24d432f0e21581c9640ba66b57926757af3f4139bca010",
      "integrity": "sha512-JEccRBYryVkAHvAOIbG5ZEXNi6P+HEMRGfLVDNjJbfkPBgva4ZeIgYi/gErD2cYHm1V6Axmjy2RyE8d7K0mtoQ=="
    },
    "@damienmortini/element-viewport": {
      "version": "0.0.2",
      "resolved": "https://npm.pkg.github.com/download/@damienmortini/element-viewport/0.0.2/e342016e69f36ae262ef869c5bcb95d2dcc8657b71672639d8ee4f90a3615060",
      "integrity": "sha512-Eqptn1EbpjFPWZbjdwVeD2WVzwTxwJfr2v4RDNVeuTszzMY56SIsl7x9dpqvzsrbgBt5zWH5hZpMrry/9QtfTw=="
    },
    "@damienmortini/element-zoomable": {
      "version": "0.0.2",
      "resolved": "https://npm.pkg.github.com/download/@damienmortini/element-zoomable/0.0.2/a3052681724143845c594651177865f8507dd2bd7340e382f7eed43580c4b61f",
      "integrity": "sha512-noDb3o9NKaY0T1ZaoZGTwjzhQhXoGIaOwod+c3n2pL/pQFmBHm9JgeyzzSeQFmMlbEB7EMfHCy5uViZyL9V3jw=="
    }
  }
}
