{
  "requires": true,
  "lockfileVersion": 1,
  "dependencies": {
    "@damienmortini/element-input-colorpicker": {
      "version": "0.0.2",
      "resolved": "https://npm.pkg.github.com/download/@damienmortini/element-input-colorpicker/0.0.2/20f0cff0d64f602ea577932db4680728b4c8a74d0bf6abb2bee934399f7bd6bb",
      "integrity": "sha512-eH6os1Jcnyi2TnDQGYLiHPfr5LwZV5DE12CZEz+4agg+0C/aClNjTi7jnIyl4Mct1/KMKnoBMjNWPYkKLRmmLA=="
    }
  }
}
