{
  "name": "@damienmortini/element-input-file",
  "version": "0.0.17",
  "lockfileVersion": 1,
  "requires": true,
  "dependencies": {
    "@damienmortini/lib": {
      "version": "0.2.19",
      "resolved": "https://npm.pkg.github.com/download/@damienmortini/lib/0.2.19/bfef27375d8365a1ab2df976d45a94fb5f77be490a72e8353840c7da61203615",
      "integrity": "sha512-S5aDH/q7PiL09cU/wwmmJzmsQ1YDge33BNdSM3Htzcdv/hrXT4YS04baDyeYmntRmDdes5heLuIvZ9kcBUm+OA==",
      "requires": {
        "gl-matrix": "^3.1.0",
        "mobile-detect": "^1.4.4"
      }
    },
    "gl-matrix": {
      "version": "3.3.0",
      "resolved": "https://registry.npmjs.org/gl-matrix/-/gl-matrix-3.3.0.tgz",
      "integrity": "sha512-COb7LDz+SXaHtl/h4LeaFcNdJdAQSDeVqjiIihSXNrkWObZLhDI4hIkZC11Aeqp7bcE72clzB0BnDXr2SmslRA=="
    },
    "mobile-detect": {
      "version": "1.4.4",
      "resolved": "https://registry.npmjs.org/mobile-detect/-/mobile-detect-1.4.4.tgz",
      "integrity": "sha512-vTgEjKjS89C5yHL5qWPpT6BzKuOVqABp+A3Szpbx34pIy3sngxlGaFpgHhfj6fKze1w0QKeOSDbU7SKu7wDvRQ=="
    }
  }
}
