{
  "name": "@damienmortini/element-gui",
  "version": "0.0.50",
  "lockfileVersion": 1,
  "requires": true,
  "dependencies": {
    "@damienmortini/element-input-button": {
      "version": "0.0.8",
      "resolved": "https://npm.pkg.github.com/download/@damienmortini/element-input-button/0.0.8/e672564fcbec4cf197329997aa747a0d6fb3e7a778eeee5d0b706b90f6b4f3bd",
      "integrity": "sha512-S6yhJ/3H65IhEvmosd01QIg0dXj1cbUcSGnaLV6m4SLZTdYtMziDbklv4TXKvGCnFuzdngui3TXl1aG4YM+cxA=="
    },
    "@damienmortini/element-input-checkbox": {
      "version": "0.0.6",
      "resolved": "https://npm.pkg.github.com/download/@damienmortini/element-input-checkbox/0.0.6/26f582aa23e2293a958888a54d4f5fbf9a5723d4d2c57da46dcd7cfcb17a124a",
      "integrity": "sha512-B27m73Vx7QYzb1cs5ve9W63SQJio72zrNU+8lM1e3CKnMAH05w4jQJgv7xPb2XbzvM3axaLpGR+CY1X02e+9Kw=="
    },
    "@damienmortini/element-input-color": {
      "version": "0.0.7",
      "resolved": "https://npm.pkg.github.com/download/@damienmortini/element-input-color/0.0.7/0d8794dfb265f4731063b65175207c06db43deb97093bdb8f43af47b7d3aa8a9",
      "integrity": "sha512-pDIpyCTGxWvmvH2Z+svHQR/s+2STpK/btXqNaBnZMd81+lpNO5XgPB/w///jDMcjCqfOkWuvXBWzCl0grv0Z2w==",
      "requires": {
        "@damienmortini/lib": "0.2.11"
      }
    },
    "@damienmortini/element-input-range": {
      "version": "0.0.8",
      "resolved": "https://npm.pkg.github.com/download/@damienmortini/element-input-range/0.0.8/f8da198177313cb43ecd1cf317136b2eaa7c1935d354001c3a2697ed6d154fe3",
      "integrity": "sha512-7sYip4zHV1erQmiUoW9n55GW+7gm7sXt11erWr7gfDcc7Cy01aEZ7DWmsqtYx833obq7b96T8lUWBQzVue8hlg=="
    },
    "@damienmortini/element-input-select": {
      "version": "0.0.6",
      "resolved": "https://npm.pkg.github.com/download/@damienmortini/element-input-select/0.0.6/fe3c17ee857f47646dd21cfaaba9f7a5e4b57236393d3fab9333f944004ae9a6",
      "integrity": "sha512-zKIeExU9iJepCFUBp+IG3BdhjL+mAOA7WYs+pQmiNzJLyWD4s1PczRHP36y/mKwySzxuWopGlKZygTCkL2DY2Q=="
    },
    "@damienmortini/element-input-text": {
      "version": "0.0.6",
      "resolved": "https://npm.pkg.github.com/download/@damienmortini/element-input-text/0.0.6/eb681641efd62f8bb33eeb9f18f8a84b77ed4aff2344ffac9e50f0a226cc8ca9",
      "integrity": "sha512-D6yyrRv08PmTqsygj1Di7yNtbGhvNEWN0FWdxOq7Wa96QTjFJo++4yOEI1RVEjZ5XYyOVPBmikR63wOhOiBbog=="
    },
    "@damienmortini/lib": {
      "version": "0.2.19",
      "resolved": "https://npm.pkg.github.com/download/@damienmortini/lib/0.2.19/bfef27375d8365a1ab2df976d45a94fb5f77be490a72e8353840c7da61203615",
      "integrity": "sha512-S5aDH/q7PiL09cU/wwmmJzmsQ1YDge33BNdSM3Htzcdv/hrXT4YS04baDyeYmntRmDdes5heLuIvZ9kcBUm+OA==",
      "requires": {
        "gl-matrix": "^3.1.0",
        "mobile-detect": "^1.4.4"
      }
    },
    "gl-matrix": {
      "version": "3.3.0",
      "resolved": "https://registry.npmjs.org/gl-matrix/-/gl-matrix-3.3.0.tgz",
      "integrity": "sha512-COb7LDz+SXaHtl/h4LeaFcNdJdAQSDeVqjiIihSXNrkWObZLhDI4hIkZC11Aeqp7bcE72clzB0BnDXr2SmslRA=="
    },
    "mobile-detect": {
      "version": "1.4.4",
      "resolved": "https://registry.npmjs.org/mobile-detect/-/mobile-detect-1.4.4.tgz",
      "integrity": "sha512-vTgEjKjS89C5yHL5qWPpT6BzKuOVqABp+A3Szpbx34pIy3sngxlGaFpgHhfj6fKze1w0QKeOSDbU7SKu7wDvRQ=="
    }
  }
}
